
Microsoft Visual Studio Solution File, Format Version 12.00
# Visual Studio 2012
Project("{FAE04EC0-301F-11D3-BF4B-00C04F79EFBC}") = "Blumind", "Blumind\Blumind.csproj", "{EE33FCC4-93B5-426B-8F71-5C2B2AEE143E}"
EndProject
Project("{FAE04EC0-301F-11D3-BF4B-00C04F79EFBC}") = "Blumind.Tests", "Blumind.Tests\Blumind.Tests.csproj", "{03A0B0B8-057F-4369-B435-2D2B0B890942}"
EndProject
Global
	GlobalSection(SolutionConfigurationPlatforms) = preSolution
		Debug|Any CPU = Debug|Any CPU
		Debug|Mixed Platforms = Debug|Mixed Platforms
		Debug|Win32 = Debug|Win32
		Debug|x64 = Debug|x64
		Debug|x86 = Debug|x86
		Release|Any CPU = Release|Any CPU
		Release|Mixed Platforms = Release|Mixed Platforms
		Release|Win32 = Release|Win32
		Release|x64 = Release|x64
		Release|x86 = Release|x86
	EndGlobalSection
	GlobalSection(ProjectConfigurationPlatforms) = postSolution
		{EE33FCC4-93B5-426B-8F71-5C2B2AEE143E}.Debug|Any CPU.ActiveCfg = Debug|Any CPU
		{EE33FCC4-93B5-426B-8F71-5C2B2AEE143E}.Debug|Any CPU.Build.0 = Debug|Any CPU
		{EE33FCC4-93B5-426B-8F71-5C2B2AEE143E}.Debug|Mixed Platforms.ActiveCfg = Debug|Any CPU
		{EE33FCC4-93B5-426B-8F71-5C2B2AEE143E}.Debug|Mixed Platforms.Build.0 = Debug|Any CPU
		{EE33FCC4-93B5-426B-8F71-5C2B2AEE143E}.Debug|Win32.ActiveCfg = Debug|Any CPU
		{EE33FCC4-93B5-426B-8F71-5C2B2AEE143E}.Debug|x64.ActiveCfg = Debug|Any CPU
		{EE33FCC4-93B5-426B-8F71-5C2B2AEE143E}.Debug|x64.Build.0 = Debug|Any CPU
		{EE33FCC4-93B5-426B-8F71-5C2B2AEE143E}.Debug|x86.ActiveCfg = Debug|Any CPU
		{EE33FCC4-93B5-426B-8F71-5C2B2AEE143E}.Debug|x86.Build.0 = Debug|Any CPU
		{EE33FCC4-93B5-426B-8F71-5C2B2AEE143E}.Release|Any CPU.ActiveCfg = Release|Any CPU
		{EE33FCC4-93B5-426B-8F71-5C2B2AEE143E}.Release|Any CPU.Build.0 = Release|Any CPU
		{EE33FCC4-93B5-426B-8F71-5C2B2AEE143E}.Release|Mixed Platforms.ActiveCfg = Release|Any CPU
		{EE33FCC4-93B5-426B-8F71-5C2B2AEE143E}.Release|Mixed Platforms.Build.0 = Release|Any CPU
		{EE33FCC4-93B5-426B-8F71-5C2B2AEE143E}.Release|Win32.ActiveCfg = Release|Any CPU
		{EE33FCC4-93B5-426B-8F71-5C2B2AEE143E}.Release|x64.ActiveCfg = Release|Any CPU
		{EE33FCC4-93B5-426B-8F71-5C2B2AEE143E}.Release|x64.Build.0 = Release|Any CPU
		{EE33FCC4-93B5-426B-8F71-5C2B2AEE143E}.Release|x86.ActiveCfg = Release|Any CPU
		{EE33FCC4-93B5-426B-8F71-5C2B2AEE143E}.Release|x86.Build.0 = Release|Any CPU
		{03A0B0B8-057F-4369-B435-2D2B0B890942}.Debug|Any CPU.ActiveCfg = Debug|Any CPU
		{03A0B0B8-057F-4369-B435-2D2B0B890942}.Debug|Any CPU.Build.0 = Debug|Any CPU
		{03A0B0B8-057F-4369-B435-2D2B0B890942}.Debug|Mixed Platforms.ActiveCfg = Debug|Any CPU
		{03A0B0B8-057F-4369-B435-2D2B0B890942}.Debug|Mixed Platforms.Build.0 = Debug|Any CPU
		{03A0B0B8-057F-4369-B435-2D2B0B890942}.Debug|Win32.ActiveCfg = Debug|Any CPU
		{03A0B0B8-057F-4369-B435-2D2B0B890942}.Debug|Win32.Build.0 = Debug|Any CPU
		{03A0B0B8-057F-4369-B435-2D2B0B890942}.Debug|x64.ActiveCfg = Debug|Any CPU
		{03A0B0B8-057F-4369-B435-2D2B0B890942}.Debug|x64.Build.0 = Debug|Any CPU
		{03A0B0B8-057F-4369-B435-2D2B0B890942}.Debug|x86.ActiveCfg = Debug|Any CPU
		{03A0B0B8-057F-4369-B435-2D2B0B890942}.Debug|x86.Build.0 = Debug|Any CPU
		{03A0B0B8-057F-4369-B435-2D2B0B890942}.Release|Any CPU.ActiveCfg = Release|Any CPU
		{03A0B0B8-057F-4369-B435-2D2B0B890942}.Release|Any CPU.Build.0 = Release|Any CPU
		{03A0B0B8-057F-4369-B435-2D2B0B890942}.Release|Mixed Platforms.ActiveCfg = Release|Any CPU
		{03A0B0B8-057F-4369-B435-2D2B0B890942}.Release|Mixed Platforms.Build.0 = Release|Any CPU
		{03A0B0B8-057F-4369-B435-2D2B0B890942}.Release|Win32.ActiveCfg = Release|Any CPU
		{03A0B0B8-057F-4369-B435-2D2B0B890942}.Release|Win32.Build.0 = Release|Any CPU
		{03A0B0B8-057F-4369-B435-2D2B0B890942}.Release|x64.ActiveCfg = Release|Any CPU
		{03A0B0B8-057F-4369-B435-2D2B0B890942}.Release|x64.Build.0 = Release|Any CPU
		{03A0B0B8-057F-4369-B435-2D2B0B890942}.Release|x86.ActiveCfg = Release|Any CPU
		{03A0B0B8-057F-4369-B435-2D2B0B890942}.Release|x86.Build.0 = Release|Any CPU
	EndGlobalSection
	GlobalSection(SolutionProperties) = preSolution
		HideSolutionNode = FALSE
	EndGlobalSection
EndGlobal
